{
  "version": 4,
  "terraform_version": "1.11.4",
  "serial": 11,
  "lineage": "49a83bff-4e20-4105-0038-2674c168d8c8",
  "outputs": {},
  "resources": [
    {
      "mode": "managed",
      "type": "azurerm_app_service_plan",
      "name": "main",
      "provider": "provider[\"registry.terraform.io/hashicorp/azurerm\"]",
      "instances": [
        {
          "schema_version": 1,
          "attributes": {
            "app_service_environment_id": "",
            "id": "/subscriptions/9b9a85f4-2c65-43e8-9547-8a311502f5c5/resourceGroups/HospitalRG/providers/Microsoft.Web/serverFarms/hospital-plan",
            "is_xenon": false,
            "kind": "linux",
            "location": "uksouth",
            "maximum_elastic_worker_count": 1,
            "maximum_number_of_workers": 3,
            "name": "hospital-plan",
            "per_site_scaling": false,
            "reserved": true,
            "resource_group_name": "HospitalRG",
            "sku": [
              {
                "capacity": 1,
                "size": "B1",
                "tier": "Basic"
              }
            ],
            "tags": {},
            "timeouts": null,
            "zone_redundant": false
          },
          "sensitive_attributes": [],
          "private": "eyJlMmJmYjczMC1lY2FhLTExZTYtOGY4OC0zNDM2M2JjN2M0YzAiOnsiY3JlYXRlIjozNjAwMDAwMDAwMDAwLCJkZWxldGUiOjM2MDAwMDAwMDAwMDAsInJlYWQiOjMwMDAwMDAwMDAwMCwidXBkYXRlIjozNjAwMDAwMDAwMDAwfSwic2NoZW1hX3ZlcnNpb24iOiIxIn0=",
          "dependencies": [
            "azurerm_resource_group.main"
          ]
        }
      ]
    },
    {
      "mode": "managed",
      "type": "azurerm_application_insights",
      "name": "main",
      "provider": "provider[\"registry.terraform.io/hashicorp/azurerm\"]",
      "instances": [
        {
          "schema_version": 2,
          "attributes": {
            "app_id": "e208be43-ca4b-493c-9275-762ae3221112",
            "application_type": "web",
            "connection_string": "InstrumentationKey=32ec9cb0-04ef-4b90-a8ea-f8e3605e60b5;IngestionEndpoint=https://uksouth-1.in.applicationinsights.azure.com/;LiveEndpoint=https://uksouth.livediagnostics.monitor.azure.com/;ApplicationId=e208be43-ca4b-493c-9275-762ae3221112",
            "daily_data_cap_in_gb": 100,
            "daily_data_cap_notifications_disabled": false,
            "disable_ip_masking": false,
            "force_customer_storage_for_profiler": false,
            "id": "/subscriptions/9b9a85f4-2c65-43e8-9547-8a311502f5c5/resourceGroups/HospitalRG/providers/Microsoft.Insights/components/hospitalroommanagement-ai",
            "instrumentation_key": "32ec9cb0-04ef-4b90-a8ea-f8e3605e60b5",
            "internet_ingestion_enabled": true,
            "internet_query_enabled": true,
            "local_authentication_disabled": false,
            "location": "uksouth",
            "name": "hospitalroommanagement-ai",
            "resource_group_name": "HospitalRG",
            "retention_in_days": 90,
            "sampling_percentage": 100,
            "tags": {},
            "timeouts": null,
            "workspace_id": "/subscriptions/9b9a85f4-2c65-43e8-9547-8a311502f5c5/resourceGroups/ai_hospitalroommanagement-ai_e208be43-ca4b-493c-9275-762ae3221112_managed/providers/Microsoft.OperationalInsights/workspaces/managed-hospitalroommanagement-ai-ws"
          },
          "sensitive_attributes": [
            [
              {
                "type": "get_attr",
                "value": "instrumentation_key"
              }
            ],
            [
              {
                "type": "get_attr",
                "value": "connection_string"
              }
            ]
          ],
          "private": "eyJlMmJmYjczMC1lY2FhLTExZTYtOGY4OC0zNDM2M2JjN2M0YzAiOnsiY3JlYXRlIjozNjAwMDAwMDAwMDAwLCJkZWxldGUiOjE4MDAwMDAwMDAwMDAsInJlYWQiOjMwMDAwMDAwMDAwMCwidXBkYXRlIjoxODAwMDAwMDAwMDAwfSwic2NoZW1hX3ZlcnNpb24iOiIyIn0=",
          "dependencies": [
            "azurerm_resource_group.main"
          ]
        }
      ]
    },
    {
      "mode": "managed",
      "type": "azurerm_linux_web_app",
      "name": "main",
      "provider": "provider[\"registry.terraform.io/hashicorp/azurerm\"]",
      "instances": [
        {
          "schema_version": 1,
          "attributes": {
            "app_settings": {
              "APPINSIGHTS_INSTRUMENTATIONKEY": "32ec9cb0-04ef-4b90-a8ea-f8e3605e60b5",
              "APPLICATIONINSIGHTS_CONNECTION_STRING": "InstrumentationKey=32ec9cb0-04ef-4b90-a8ea-f8e3605e60b5;IngestionEndpoint=https://uksouth-1.in.applicationinsights.azure.com/;LiveEndpoint=https://uksouth.livediagnostics.monitor.azure.com/;ApplicationId=e208be43-ca4b-493c-9275-762ae3221112",
              "MONGO_URI": "mongodb+srv://khalid:NCGRP123@hospital-cluster.j73qo70.mongodb.net/hospitalDB?retryWrites=true\u0026w=majority",
              "WEBSITES_ENABLE_APP_SERVICE_STORAGE": "false"
            },
            "auth_settings": [],
            "auth_settings_v2": [],
            "backup": [],
            "client_affinity_enabled": false,
            "client_certificate_enabled": false,
            "client_certificate_exclusion_paths": "",
            "client_certificate_mode": "Required",
            "connection_string": [],
            "custom_domain_verification_id": "8470CB92B867F1ED1C52A2AD9F0917835EF38AC4D6530514F2B896AC1880D25C",
            "default_hostname": "hospitalroommanagement-iac.azurewebsites.net",
            "enabled": true,
            "ftp_publish_basic_authentication_enabled": true,
            "hosting_environment_id": "",
            "https_only": false,
            "id": "/subscriptions/9b9a85f4-2c65-43e8-9547-8a311502f5c5/resourceGroups/HospitalRG/providers/Microsoft.Web/sites/hospitalroommanagement-iac",
            "identity": [],
            "key_vault_reference_identity_id": "SystemAssigned",
            "kind": "app,linux",
            "location": "uksouth",
            "logs": [],
            "name": "hospitalroommanagement-iac",
            "outbound_ip_address_list": [
              "20.108.56.23",
              "20.108.56.79",
              "20.108.57.48",
              "20.108.58.167",
              "20.108.58.233",
              "20.108.60.203",
              "20.90.134.16"
            ],
            "outbound_ip_addresses": "20.108.56.23,20.108.56.79,20.108.57.48,20.108.58.167,20.108.58.233,20.108.60.203,20.90.134.16",
            "possible_outbound_ip_address_list": [
              "20.108.56.23",
              "20.108.56.79",
              "20.108.57.48",
              "20.108.58.167",
              "20.108.58.233",
              "20.108.60.203",
              "20.108.61.0",
              "20.108.61.20",
              "20.108.61.48",
              "20.108.61.62",
              "20.108.61.215",
              "20.108.62.17",
              "20.108.63.44",
              "20.108.63.208",
              "20.108.63.211",
              "20.108.136.100",
              "20.108.136.194",
              "20.108.136.215",
              "20.108.136.244",
              "20.108.137.24",
              "20.108.137.30",
              "20.108.137.45",
              "20.108.137.47",
              "20.108.137.59",
              "20.90.134.16"
            ],
            "possible_outbound_ip_addresses": "20.108.56.23,20.108.56.79,20.108.57.48,20.108.58.167,20.108.58.233,20.108.60.203,20.108.61.0,20.108.61.20,20.108.61.48,20.108.61.62,20.108.61.215,20.108.62.17,20.108.63.44,20.108.63.208,20.108.63.211,20.108.136.100,20.108.136.194,20.108.136.215,20.108.136.244,20.108.137.24,20.108.137.30,20.108.137.45,20.108.137.47,20.108.137.59,20.90.134.16",
            "public_network_access_enabled": true,
            "resource_group_name": "HospitalRG",
            "service_plan_id": "/subscriptions/9b9a85f4-2c65-43e8-9547-8a311502f5c5/resourceGroups/HospitalRG/providers/Microsoft.Web/serverFarms/hospital-plan",
            "site_config": [
              {
                "always_on": true,
                "api_definition_url": "",
                "api_management_api_id": "",
                "app_command_line": "",
                "application_stack": [
                  {
                    "docker_image": "",
                    "docker_image_name": "",
                    "docker_image_tag": "",
                    "docker_registry_password": "",
                    "docker_registry_url": "",
                    "docker_registry_username": "",
                    "dotnet_version": "",
                    "go_version": "",
                    "java_server": "",
                    "java_server_version": "",
                    "java_version": "",
                    "node_version": "",
                    "php_version": "",
                    "python_version": "",
                    "ruby_version": ""
                  }
                ],
                "auto_heal_enabled": false,
                "auto_heal_setting": [],
                "container_registry_managed_identity_client_id": "",
                "container_registry_use_managed_identity": false,
                "cors": [],
                "default_documents": [
                  "Default.htm",
                  "Default.html",
                  "Default.asp",
                  "index.htm",
                  "index.html",
                  "iisstart.htm",
                  "default.aspx",
                  "index.php",
                  "hostingstart.html"
                ],
                "detailed_error_logging_enabled": false,
                "ftps_state": "Disabled",
                "health_check_eviction_time_in_min": 0,
                "health_check_path": "",
                "http2_enabled": false,
                "ip_restriction": [],
                "ip_restriction_default_action": "Allow",
                "linux_fx_version": "",
                "load_balancing_mode": "LeastRequests",
                "local_mysql_enabled": false,
                "managed_pipeline_mode": "Integrated",
                "minimum_tls_version": "1.2",
                "remote_debugging_enabled": false,
                "remote_debugging_version": "VS2022",
                "scm_ip_restriction": [],
                "scm_ip_restriction_default_action": "Allow",
                "scm_minimum_tls_version": "1.2",
                "scm_type": "None",
                "scm_use_main_ip_restriction": false,
                "use_32_bit_worker": true,
                "vnet_route_all_enabled": false,
                "websockets_enabled": false,
                "worker_count": 1
              }
            ],
            "site_credential": [
              {
                "name": "$hospitalroommanagement-iac",
                "password": "mDn0YKEMAeucrvGiM9CkFeP0pyRQFB1j75EdzkoqxaL2smTgK71CHLXjmFB4"
              }
            ],
            "sticky_settings": [],
            "storage_account": [],
            "tags": null,
            "timeouts": null,
            "virtual_network_subnet_id": "",
            "webdeploy_publish_basic_authentication_enabled": true,
            "zip_deploy_file": ""
          },
          "sensitive_attributes": [
            [
              {
                "type": "get_attr",
                "value": "site_config"
              },
              {
                "type": "index",
                "value": {
                  "value": 0,
                  "type": "number"
                }
              },
              {
                "type": "get_attr",
                "value": "application_stack"
              },
              {
                "type": "index",
                "value": {
                  "value": 0,
                  "type": "number"
                }
              },
              {
                "type": "get_attr",
                "value": "docker_registry_password"
              }
            ],
            [
              {
                "type": "get_attr",
                "value": "app_settings"
              },
              {
                "type": "index",
                "value": {
                  "value": "APPINSIGHTS_INSTRUMENTATIONKEY",
                  "type": "string"
                }
              }
            ],
            [
              {
                "type": "get_attr",
                "value": "app_settings"
              },
              {
                "type": "index",
                "value": {
                  "value": "APPLICATIONINSIGHTS_CONNECTION_STRING",
                  "type": "string"
                }
              }
            ],
            [
              {
                "type": "get_attr",
                "value": "app_settings"
              },
              {
                "type": "index",
                "value": {
                  "value": "MONGO_URI",
                  "type": "string"
                }
              }
            ],
            [
              {
                "type": "get_attr",
                "value": "custom_domain_verification_id"
              }
            ],
            [
              {
                "type": "get_attr",
                "value": "site_credential"
              }
            ]
          ],
          "private": "eyJlMmJmYjczMC1lY2FhLTExZTYtOGY4OC0zNDM2M2JjN2M0YzAiOnsiY3JlYXRlIjoxODAwMDAwMDAwMDAwLCJkZWxldGUiOjE4MDAwMDAwMDAwMDAsInJlYWQiOjMwMDAwMDAwMDAwMCwidXBkYXRlIjoxODAwMDAwMDAwMDAwfSwic2NoZW1hX3ZlcnNpb24iOiIxIn0=",
          "dependencies": [
            "azurerm_app_service_plan.main",
            "azurerm_application_insights.main",
            "azurerm_resource_group.main"
          ]
        }
      ]
    },
    {
      "mode": "managed",
      "type": "azurerm_resource_group",
      "name": "main",
      "provider": "provider[\"registry.terraform.io/hashicorp/azurerm\"]",
      "instances": [
        {
          "schema_version": 0,
          "attributes": {
            "id": "/subscriptions/9b9a85f4-2c65-43e8-9547-8a311502f5c5/resourceGroups/HospitalRG",
            "location": "uksouth",
            "managed_by": "",
            "name": "HospitalRG",
            "tags": {},
            "timeouts": null
          },
          "sensitive_attributes": [],
          "private": "eyJlMmJmYjczMC1lY2FhLTExZTYtOGY4OC0zNDM2M2JjN2M0YzAiOnsiY3JlYXRlIjo1NDAwMDAwMDAwMDAwLCJkZWxldGUiOjU0MDAwMDAwMDAwMDAsInJlYWQiOjMwMDAwMDAwMDAwMCwidXBkYXRlIjo1NDAwMDAwMDAwMDAwfSwic2NoZW1hX3ZlcnNpb24iOiIwIn0="
        }
      ]
    }
  ],
  "check_results": null
}
